
Microsoft Visual Studio Solution File, Format Version 12.00
# Visual Studio Version 17
VisualStudioVersion = 17.7.34018.315
MinimumVisualStudioVersion = 10.0.40219.1
Project("{FAE04EC0-301F-11D3-BF4B-00C04F79EFBC}") = "Day 1", "Day 1\Day 1.csproj", "{D0ACBC31-1376-4351-A030-849A8CEB663D}"
EndProject
Global
	GlobalSection(SolutionConfigurationPlatforms) = preSolution
		Debug|Any CPU = Debug|Any CPU
		Release|Any CPU = Release|Any CPU
	EndGlobalSection
	GlobalSection(ProjectConfigurationPlatforms) = postSolution
		{D0ACBC31-1376-4351-A030-849A8CEB663D}.Debug|Any CPU.ActiveCfg = Debug|Any CPU
		{D0ACBC31-1376-4351-A030-849A8CEB663D}.Debug|Any CPU.Build.0 = Debug|Any CPU
		{D0ACBC31-1376-4351-A030-849A8CEB663D}.Release|Any CPU.ActiveCfg = Release|Any CPU
		{D0ACBC31-1376-4351-A030-849A8CEB663D}.Release|Any CPU.Build.0 = Release|Any CPU
	EndGlobalSection
	GlobalSection(SolutionProperties) = preSolution
		HideSolutionNode = FALSE
	EndGlobalSection
	GlobalSection(ExtensibilityGlobals) = postSolution
		SolutionGuid = {67185DB1-5316-4484-8E76-7B53EDF3391E}
	EndGlobalSection
EndGlobal
